
Microsoft Visual Studio Solution File, Format Version 12.00
Project("{FAE04EC0-301F-11D3-BF4B-00C04F79EFBC}") = "OOP_Seminar1", "OOP_Seminar1\OOP_Seminar1.csproj", "{11C77F15-79A4-419B-B5BC-36E9D16AEA28}"
EndProject
Global
	GlobalSection(SolutionConfigurationPlatforms) = preSolution
		Debug|Any CPU = Debug|Any CPU
		Release|Any CPU = Release|Any CPU
	EndGlobalSection
	GlobalSection(ProjectConfigurationPlatforms) = postSolution
		{11C77F15-79A4-419B-B5BC-36E9D16AEA28}.Debug|Any CPU.ActiveCfg = Debug|Any CPU
		{11C77F15-79A4-419B-B5BC-36E9D16AEA28}.Debug|Any CPU.Build.0 = Debug|Any CPU
		{11C77F15-79A4-419B-B5BC-36E9D16AEA28}.Release|Any CPU.ActiveCfg = Release|Any CPU
		{11C77F15-79A4-419B-B5BC-36E9D16AEA28}.Release|Any CPU.Build.0 = Release|Any CPU
	EndGlobalSection
EndGlobal
